// !$*UTF8*$!
{
	archiveVersion = 1;
	classes = {
	};
	objectVersion = 56;
	objects = {

/* Begin PBXBuildFile section */
		A1000001 /* NASAPatentApp.swift in Sources */ = {isa = PBXBuildFile; fileRef = A2000001 /* NASAPatentApp.swift */; };
		A1000002 /* PatentModels.swift in Sources */ = {isa = PBXBuildFile; fileRef = A2000002 /* PatentModels.swift */; };
		A1000003 /* NASAAPI.swift in Sources */ = {isa = PBXBuildFile; fileRef = A2000003 /* NASAAPI.swift */; };
		A1000004 /* KeychainService.swift in Sources */ = {isa = PBXBuildFile; fileRef = A2000004 /* KeychainService.swift */; };
		A1000005 /* AIService.swift in Sources */ = {isa = PBXBuildFile; fileRef = A2000005 /* AIService.swift */; };
		A1000006 /* DiscoveryView.swift in Sources */ = {isa = PBXBuildFile; fileRef = A2000006 /* DiscoveryView.swift */; };
		A1000007 /* PatentCardView.swift in Sources */ = {isa = PBXBuildFile; fileRef = A2000007 /* PatentCardView.swift */; };
		A1000008 /* PatentDetailView.swift in Sources */ = {isa = PBXBuildFile; fileRef = A2000008 /* PatentDetailView.swift */; };
		A1000009 /* BusinessAnalysisView.swift in Sources */ = {isa = PBXBuildFile; fileRef = A2000009 /* BusinessAnalysisView.swift */; };
		A1000010 /* SavedPatentsView.swift in Sources */ = {isa = PBXBuildFile; fileRef = A2000010 /* SavedPatentsView.swift */; };
		A1000011 /* SettingsView.swift in Sources */ = {isa = PBXBuildFile; fileRef = A2000011 /* SettingsView.swift */; };
		A1000012 /* Assets.xcassets in Resources */ = {isa = PBXBuildFile; fileRef = A2000012 /* Assets.xcassets */; };
		A1000013 /* MediaViewer.swift in Sources */ = {isa = PBXBuildFile; fileRef = A2000013 /* MediaViewer.swift */; };
		A1000014 /* ProblemSolverView.swift in Sources */ = {isa = PBXBuildFile; fileRef = A2000014 /* ProblemSolverView.swift */; };
		A1000015 /* ProblemHistoryStore.swift in Sources */ = {isa = PBXBuildFile; fileRef = A2000015 /* ProblemHistoryStore.swift */; };
		A1000016 /* BusinessAnalysisHistoryStore.swift in Sources */ = {isa = PBXBuildFile; fileRef = A2000016 /* BusinessAnalysisHistoryStore.swift */; };
		A1000017 /* BusinessAnalysisHistoryView.swift in Sources */ = {isa = PBXBuildFile; fileRef = A2000017 /* BusinessAnalysisHistoryView.swift */; };
/* End PBXBuildFile section */

/* Begin PBXFileReference section */
		A2000001 /* NASAPatentApp.swift */ = {isa = PBXFileReference; lastKnownFileType = sourcecode.swift; path = NASAPatentApp.swift; sourceTree = "<group>"; };
		A2000002 /* PatentModels.swift */ = {isa = PBXFileReference; lastKnownFileType = sourcecode.swift; path = PatentModels.swift; sourceTree = "<group>"; };
		A2000003 /* NASAAPI.swift */ = {isa = PBXFileReference; lastKnownFileType = sourcecode.swift; path = NASAAPI.swift; sourceTree = "<group>"; };
		A2000004 /* KeychainService.swift */ = {isa = PBXFileReference; lastKnownFileType = sourcecode.swift; path = KeychainService.swift; sourceTree = "<group>"; };
		A2000005 /* AIService.swift */ = {isa = PBXFileReference; lastKnownFileType = sourcecode.swift; path = AIService.swift; sourceTree = "<group>"; };
		A2000006 /* DiscoveryView.swift */ = {isa = PBXFileReference; lastKnownFileType = sourcecode.swift; path = DiscoveryView.swift; sourceTree = "<group>"; };
		A2000007 /* PatentCardView.swift */ = {isa = PBXFileReference; lastKnownFileType = sourcecode.swift; path = PatentCardView.swift; sourceTree = "<group>"; };
		A2000008 /* PatentDetailView.swift */ = {isa = PBXFileReference; lastKnownFileType = sourcecode.swift; path = PatentDetailView.swift; sourceTree = "<group>"; };
		A2000009 /* BusinessAnalysisView.swift */ = {isa = PBXFileReference; lastKnownFileType = sourcecode.swift; path = BusinessAnalysisView.swift; sourceTree = "<group>"; };
		A2000010 /* SavedPatentsView.swift */ = {isa = PBXFileReference; lastKnownFileType = sourcecode.swift; path = SavedPatentsView.swift; sourceTree = "<group>"; };
		A2000011 /* SettingsView.swift */ = {isa = PBXFileReference; lastKnownFileType = sourcecode.swift; path = SettingsView.swift; sourceTree = "<group>"; };
		A2000012 /* Assets.xcassets */ = {isa = PBXFileReference; lastKnownFileType = folder.assetcatalog; path = Assets.xcassets; sourceTree = "<group>"; };
		A2000013 /* MediaViewer.swift */ = {isa = PBXFileReference; lastKnownFileType = sourcecode.swift; path = MediaViewer.swift; sourceTree = "<group>"; };
		A2000014 /* ProblemSolverView.swift */ = {isa = PBXFileReference; lastKnownFileType = sourcecode.swift; path = ProblemSolverView.swift; sourceTree = "<group>"; };
		A2000015 /* ProblemHistoryStore.swift */ = {isa = PBXFileReference; lastKnownFileType = sourcecode.swift; path = ProblemHistoryStore.swift; sourceTree = "<group>"; };
		A2000016 /* BusinessAnalysisHistoryStore.swift */ = {isa = PBXFileReference; lastKnownFileType = sourcecode.swift; path = BusinessAnalysisHistoryStore.swift; sourceTree = "<group>"; };
		A2000017 /* BusinessAnalysisHistoryView.swift */ = {isa = PBXFileReference; lastKnownFileType = sourcecode.swift; path = BusinessAnalysisHistoryView.swift; sourceTree = "<group>"; };
		A3000001 /* NASAPatentApp.app */ = {isa = PBXFileReference; explicitFileType = wrapper.application; includeInIndex = 0; path = NASAPatentApp.app; sourceTree = BUILT_PRODUCTS_DIR; };
/* End PBXFileReference section */

/* Begin PBXFrameworksBuildPhase section */
		A4000001 /* Frameworks */ = {
			isa = PBXFrameworksBuildPhase;
			buildActionMask = 2147483647;
			files = (
			);
			runOnlyForDeploymentPostprocessing = 0;
		};
/* End PBXFrameworksBuildPhase section */

/* Begin PBXGroup section */
		A5000001 = {
			isa = PBXGroup;
			children = (
				A5000002 /* NASAPatentApp */,
				A5000003 /* Products */,
			);
			sourceTree = "<group>";
		};
		A5000002 /* NASAPatentApp */ = {
			isa = PBXGroup;
			children = (
				A5000004 /* App */,
				A5000005 /* Features */,
				A5000006 /* Services */,
				A2000012 /* Assets.xcassets */,
			);
			path = NASAPatentApp;
			sourceTree = "<group>";
		};
		A5000003 /* Products */ = {
			isa = PBXGroup;
			children = (
				A3000001 /* NASAPatentApp.app */,
			);
			name = Products;
			sourceTree = "<group>";
		};
		A5000004 /* App */ = {
			isa = PBXGroup;
			children = (
				A2000001 /* NASAPatentApp.swift */,
			);
			path = App;
			sourceTree = "<group>";
		};
		A5000005 /* Features */ = {
			isa = PBXGroup;
			children = (
				A5000007 /* Discovery */,
				A5000008 /* PatentDetail */,
				A5000009 /* AIAnalysis */,
				A5000014 /* ProblemSolver */,
				A5000010 /* Licensing */,
			);
			path = Features;
			sourceTree = "<group>";
		};
		A5000006 /* Services */ = {
			isa = PBXGroup;
			children = (
				A5000011 /* API */,
				A5000012 /* AI */,
				A5000013 /* Storage */,
			);
			path = Services;
			sourceTree = "<group>";
		};
		A5000007 /* Discovery */ = {
			isa = PBXGroup;
			children = (
				A2000006 /* DiscoveryView.swift */,
				A2000007 /* PatentCardView.swift */,
				A2000010 /* SavedPatentsView.swift */,
			);
			path = Discovery;
			sourceTree = "<group>";
		};
		A5000008 /* PatentDetail */ = {
			isa = PBXGroup;
			children = (
				A2000008 /* PatentDetailView.swift */,
				A2000013 /* MediaViewer.swift */,
			);
			path = PatentDetail;
			sourceTree = "<group>";
		};
		A5000009 /* AIAnalysis */ = {
			isa = PBXGroup;
			children = (
				A2000009 /* BusinessAnalysisView.swift */,
				A2000017 /* BusinessAnalysisHistoryView.swift */,
			);
			path = AIAnalysis;
			sourceTree = "<group>";
		};
		A5000010 /* Licensing */ = {
			isa = PBXGroup;
			children = (
				A2000011 /* SettingsView.swift */,
			);
			path = Licensing;
			sourceTree = "<group>";
		};
		A5000014 /* ProblemSolver */ = {
			isa = PBXGroup;
			children = (
				A2000014 /* ProblemSolverView.swift */,
			);
			path = ProblemSolver;
			sourceTree = "<group>";
		};
		A5000011 /* API */ = {
			isa = PBXGroup;
			children = (
				A2000002 /* PatentModels.swift */,
				A2000003 /* NASAAPI.swift */,
			);
			path = API;
			sourceTree = "<group>";
		};
		A5000012 /* AI */ = {
			isa = PBXGroup;
			children = (
				A2000005 /* AIService.swift */,
			);
			path = AI;
			sourceTree = "<group>";
		};
		A5000013 /* Storage */ = {
			isa = PBXGroup;
			children = (
				A2000004 /* KeychainService.swift */,
				A2000015 /* ProblemHistoryStore.swift */,
				A2000016 /* BusinessAnalysisHistoryStore.swift */,
			);
			path = Storage;
			sourceTree = "<group>";
		};
/* End PBXGroup section */

/* Begin PBXNativeTarget section */
		A6000001 /* NASAPatentApp */ = {
			isa = PBXNativeTarget;
			buildConfigurationList = A7000001 /* Build configuration list for PBXNativeTarget "NASAPatentApp" */;
			buildPhases = (
				A6000002 /* Sources */,
				A4000001 /* Frameworks */,
				A6000003 /* Resources */,
			);
			buildRules = (
			);
			dependencies = (
			);
			name = NASAPatentApp;
			productName = NASAPatentApp;
			productReference = A3000001 /* NASAPatentApp.app */;
			productType = "com.apple.product-type.application";
		};
/* End PBXNativeTarget section */

/* Begin PBXProject section */
		A8000001 /* Project object */ = {
			isa = PBXProject;
			attributes = {
				BuildIndependentTargetsInParallel = 1;
				LastSwiftUpdateCheck = 1500;
				LastUpgradeCheck = 1500;
				TargetAttributes = {
					A6000001 = {
						CreatedOnToolsVersion = 15.0;
					};
				};
			};
			buildConfigurationList = A7000002 /* Build configuration list for PBXProject "NASAPatentApp" */;
			compatibilityVersion = "Xcode 14.0";
			developmentRegion = en;
			hasScannedForEncodings = 0;
			knownRegions = (
				en,
				Base,
			);
			mainGroup = A5000001;
			productRefGroup = A5000003 /* Products */;
			projectDirPath = "";
			projectRoot = "";
			targets = (
				A6000001 /* NASAPatentApp */,
			);
		};
/* End PBXProject section */

/* Begin PBXResourcesBuildPhase section */
		A6000003 /* Resources */ = {
			isa = PBXResourcesBuildPhase;
			buildActionMask = 2147483647;
			files = (
				A1000012 /* Assets.xcassets in Resources */,
			);
			runOnlyForDeploymentPostprocessing = 0;
		};
/* End PBXResourcesBuildPhase section */

/* Begin PBXSourcesBuildPhase section */
		A6000002 /* Sources */ = {
			isa = PBXSourcesBuildPhase;
			buildActionMask = 2147483647;
			files = (
				A1000001 /* NASAPatentApp.swift in Sources */,
				A1000002 /* PatentModels.swift in Sources */,
				A1000003 /* NASAAPI.swift in Sources */,
				A1000004 /* KeychainService.swift in Sources */,
				A1000005 /* AIService.swift in Sources */,
				A1000006 /* DiscoveryView.swift in Sources */,
				A1000007 /* PatentCardView.swift in Sources */,
				A1000008 /* PatentDetailView.swift in Sources */,
				A1000009 /* BusinessAnalysisView.swift in Sources */,
				A1000010 /* SavedPatentsView.swift in Sources */,
				A1000011 /* SettingsView.swift in Sources */,
				A1000013 /* MediaViewer.swift in Sources */,
				A1000014 /* ProblemSolverView.swift in Sources */,
				A1000015 /* ProblemHistoryStore.swift in Sources */,
				A1000016 /* BusinessAnalysisHistoryStore.swift in Sources */,
				A1000017 /* BusinessAnalysisHistoryView.swift in Sources */,
			);
			runOnlyForDeploymentPostprocessing = 0;
		};
/* End PBXSourcesBuildPhase section */

/* Begin XCBuildConfiguration section */
		A9000001 /* Debug */ = {
			isa = XCBuildConfiguration;
			buildSettings = {
				ALWAYS_SEARCH_USER_PATHS = NO;
				ASSETCATALOG_COMPILER_GENERATE_SWIFT_ASSET_SYMBOL_EXTENSIONS = YES;
				CLANG_ANALYZER_NONNULL = YES;
				CLANG_ANALYZER_NUMBER_OBJECT_CONVERSION = YES_AGGRESSIVE;
				CLANG_CXX_LANGUAGE_STANDARD = "gnu++20";
				CLANG_ENABLE_MODULES = YES;
				CLANG_ENABLE_OBJC_ARC = YES;
				CLANG_ENABLE_OBJC_WEAK = YES;
				CLANG_WARN_BLOCK_CAPTURE_AUTORELEASING = YES;
				CLANG_WARN_BOOL_CONVERSION = YES;
				CLANG_WARN_COMMA = YES;
				CLANG_WARN_CONSTANT_CONVERSION = YES;
				CLANG_WARN_DEPRECATED_OBJC_IMPLEMENTATIONS = YES;
				CLANG_WARN_DIRECT_OBJC_ISA_USAGE = YES_ERROR;
				CLANG_WARN_DOCUMENTATION_COMMENTS = YES;
				CLANG_WARN_EMPTY_BODY = YES;
				CLANG_WARN_ENUM_CONVERSION = YES;
				CLANG_WARN_INFINITE_RECURSION = YES;
				CLANG_WARN_INT_CONVERSION = YES;
				CLANG_WARN_NON_LITERAL_NULL_CONVERSION = YES;
				CLANG_WARN_OBJC_IMPLICIT_RETAIN_SELF = YES;
				CLANG_WARN_OBJC_LITERAL_CONVERSION = YES;
				CLANG_WARN_OBJC_ROOT_CLASS = YES_ERROR;
				CLANG_WARN_QUOTED_INCLUDE_IN_FRAMEWORK_HEADER = YES;
				CLANG_WARN_RANGE_LOOP_ANALYSIS = YES;
				CLANG_WARN_STRICT_PROTOTYPES = YES;
				CLANG_WARN_SUSPICIOUS_MOVE = YES;
				CLANG_WARN_UNGUARDED_AVAILABILITY = YES_AGGRESSIVE;
				CLANG_WARN_UNREACHABLE_CODE = YES;
				CLANG_WARN__DUPLICATE_METHOD_MATCH = YES;
				COPY_PHASE_STRIP = NO;
				DEBUG_INFORMATION_FORMAT = dwarf;
				ENABLE_STRICT_OBJC_MSGSEND = YES;
				ENABLE_TESTABILITY = YES;
				ENABLE_USER_SCRIPT_SANDBOXING = YES;
				GCC_C_LANGUAGE_STANDARD = gnu17;
				GCC_DYNAMIC_NO_PIC = NO;
				GCC_NO_COMMON_BLOCKS = YES;
				GCC_OPTIMIZATION_LEVEL = 0;
				GCC_PREPROCESSOR_DEFINITIONS = (
					"DEBUG=1",
					"$(inherited)",
				);
				GCC_WARN_64_TO_32_BIT_CONVERSION = YES;
				GCC_WARN_ABOUT_RETURN_TYPE = YES_ERROR;
				GCC_WARN_UNDECLARED_SELECTOR = YES;
				GCC_WARN_UNINITIALIZED_AUTOS = YES_AGGRESSIVE;
				GCC_WARN_UNUSED_FUNCTION = YES;
				GCC_WARN_UNUSED_VARIABLE = YES;
				IPHONEOS_DEPLOYMENT_TARGET = 16.0;
				LOCALIZATION_PREFERS_STRING_CATALOGS = YES;
				MTL_ENABLE_DEBUG_INFO = INCLUDE_SOURCE;
				MTL_FAST_MATH = YES;
				ONLY_ACTIVE_ARCH = YES;
				SDKROOT = iphoneos;
				SWIFT_ACTIVE_COMPILATION_CONDITIONS = "DEBUG $(inherited)";
				SWIFT_OPTIMIZATION_LEVEL = "-Onone";
			};
			name = Debug;
		};
		A9000002 /* Release */ = {
			isa = XCBuildConfiguration;
			buildSettings = {
				ALWAYS_SEARCH_USER_PATHS = NO;
				ASSETCATALOG_COMPILER_GENERATE_SWIFT_ASSET_SYMBOL_EXTENSIONS = YES;
				CLANG_ANALYZER_NONNULL = YES;
				CLANG_ANALYZER_NUMBER_OBJECT_CONVERSION = YES_AGGRESSIVE;
				CLANG_CXX_LANGUAGE_STANDARD = "gnu++20";
				CLANG_ENABLE_MODULES = YES;
				CLANG_ENABLE_OBJC_ARC = YES;
				CLANG_ENABLE_OBJC_WEAK = YES;
				CLANG_WARN_BLOCK_CAPTURE_AUTORELEASING = YES;
				CLANG_WARN_BOOL_CONVERSION = YES;
				CLANG_WARN_COMMA = YES;
				CLANG_WARN_CONSTANT_CONVERSION = YES;
				CLANG_WARN_DEPRECATED_OBJC_IMPLEMENTATIONS = YES;
				CLANG_WARN_DIRECT_OBJC_ISA_USAGE = YES_ERROR;
				CLANG_WARN_DOCUMENTATION_COMMENTS = YES;
				CLANG_WARN_EMPTY_BODY = YES;
				CLANG_WARN_ENUM_CONVERSION = YES;
				CLANG_WARN_INFINITE_RECURSION = YES;
				CLANG_WARN_INT_CONVERSION = YES;
				CLANG_WARN_NON_LITERAL_NULL_CONVERSION = YES;
				CLANG_WARN_OBJC_IMPLICIT_RETAIN_SELF = YES;
				CLANG_WARN_OBJC_LITERAL_CONVERSION = YES;
				CLANG_WARN_OBJC_ROOT_CLASS = YES_ERROR;
				CLANG_WARN_QUOTED_INCLUDE_IN_FRAMEWORK_HEADER = YES;
				CLANG_WARN_RANGE_LOOP_ANALYSIS = YES;
				CLANG_WARN_STRICT_PROTOTYPES = YES;
				CLANG_WARN_SUSPICIOUS_MOVE = YES;
				CLANG_WARN_UNGUARDED_AVAILABILITY = YES_AGGRESSIVE;
				CLANG_WARN_UNREACHABLE_CODE = YES;
				CLANG_WARN__DUPLICATE_METHOD_MATCH = YES;
				COPY_PHASE_STRIP = NO;
				DEBUG_INFORMATION_FORMAT = "dwarf-with-dsym";
				ENABLE_NS_ASSERTIONS = NO;
				ENABLE_STRICT_OBJC_MSGSEND = YES;
				ENABLE_USER_SCRIPT_SANDBOXING = YES;
				GCC_C_LANGUAGE_STANDARD = gnu17;
				GCC_NO_COMMON_BLOCKS = YES;
				GCC_WARN_64_TO_32_BIT_CONVERSION = YES;
				GCC_WARN_ABOUT_RETURN_TYPE = YES_ERROR;
				GCC_WARN_UNDECLARED_SELECTOR = YES;
				GCC_WARN_UNINITIALIZED_AUTOS = YES_AGGRESSIVE;
				GCC_WARN_UNUSED_FUNCTION = YES;
				GCC_WARN_UNUSED_VARIABLE = YES;
				IPHONEOS_DEPLOYMENT_TARGET = 16.0;
				LOCALIZATION_PREFERS_STRING_CATALOGS = YES;
				MTL_ENABLE_DEBUG_INFO = NO;
				MTL_FAST_MATH = YES;
				SDKROOT = iphoneos;
				SWIFT_COMPILATION_MODE = wholemodule;
				VALIDATE_PRODUCT = YES;
			};
			name = Release;
		};
		A9000003 /* Debug */ = {
			isa = XCBuildConfiguration;
			buildSettings = {
				ASSETCATALOG_COMPILER_APPICON_NAME = AppIcon;
				ASSETCATALOG_COMPILER_GLOBAL_ACCENT_COLOR_NAME = AccentColor;
				CODE_SIGN_STYLE = Automatic;
				CURRENT_PROJECT_VERSION = 1;
				DEVELOPMENT_TEAM = H7FZM983G5;
				ENABLE_PREVIEWS = YES;
				GENERATE_INFOPLIST_FILE = YES;
				INFOPLIST_KEY_UIApplicationSceneManifest_Generation = YES;
				INFOPLIST_KEY_UIApplicationSupportsIndirectInputEvents = YES;
				INFOPLIST_KEY_UILaunchScreen_Generation = YES;
				INFOPLIST_KEY_UISupportedInterfaceOrientations_iPad = "UIInterfaceOrientationPortrait UIInterfaceOrientationPortraitUpsideDown UIInterfaceOrientationLandscapeLeft UIInterfaceOrientationLandscapeRight";
				INFOPLIST_KEY_UISupportedInterfaceOrientations_iPhone = "UIInterfaceOrientationPortrait UIInterfaceOrientationLandscapeLeft UIInterfaceOrientationLandscapeRight";
				LD_RUNPATH_SEARCH_PATHS = (
					"$(inherited)",
					"@executable_path/Frameworks",
				);
				MARKETING_VERSION = 1.0;
				PRODUCT_BUNDLE_IDENTIFIER = com.riorio.nasapatentapp;
				PRODUCT_NAME = "$(TARGET_NAME)";
				SWIFT_EMIT_LOC_STRINGS = YES;
				SWIFT_VERSION = 5.0;
				TARGETED_DEVICE_FAMILY = "1,2";
			};
			name = Debug;
		};
		A9000004 /* Release */ = {
			isa = XCBuildConfiguration;
			buildSettings = {
				ASSETCATALOG_COMPILER_APPICON_NAME = AppIcon;
				ASSETCATALOG_COMPILER_GLOBAL_ACCENT_COLOR_NAME = AccentColor;
				CODE_SIGN_STYLE = Automatic;
				CURRENT_PROJECT_VERSION = 1;
				DEVELOPMENT_TEAM = H7FZM983G5;
				ENABLE_PREVIEWS = YES;
				GENERATE_INFOPLIST_FILE = YES;
				INFOPLIST_KEY_UIApplicationSceneManifest_Generation = YES;
				INFOPLIST_KEY_UIApplicationSupportsIndirectInputEvents = YES;
				INFOPLIST_KEY_UILaunchScreen_Generation = YES;
				INFOPLIST_KEY_UISupportedInterfaceOrientations_iPad = "UIInterfaceOrientationPortrait UIInterfaceOrientationPortraitUpsideDown UIInterfaceOrientationLandscapeLeft UIInterfaceOrientationLandscapeRight";
				INFOPLIST_KEY_UISupportedInterfaceOrientations_iPhone = "UIInterfaceOrientationPortrait UIInterfaceOrientationLandscapeLeft UIInterfaceOrientationLandscapeRight";
				LD_RUNPATH_SEARCH_PATHS = (
					"$(inherited)",
					"@executable_path/Frameworks",
				);
				MARKETING_VERSION = 1.0;
				PRODUCT_BUNDLE_IDENTIFIER = com.riorio.nasapatentapp;
				PRODUCT_NAME = "$(TARGET_NAME)";
				SWIFT_EMIT_LOC_STRINGS = YES;
				SWIFT_VERSION = 5.0;
				TARGETED_DEVICE_FAMILY = "1,2";
			};
			name = Release;
		};
/* End XCBuildConfiguration section */

/* Begin XCConfigurationList section */
		A7000001 /* Build configuration list for PBXNativeTarget "NASAPatentApp" */ = {
			isa = XCConfigurationList;
			buildConfigurations = (
				A9000003 /* Debug */,
				A9000004 /* Release */,
			);
			defaultConfigurationIsVisible = 0;
			defaultConfigurationName = Release;
		};
		A7000002 /* Build configuration list for PBXProject "NASAPatentApp" */ = {
			isa = XCConfigurationList;
			buildConfigurations = (
				A9000001 /* Debug */,
				A9000002 /* Release */,
			);
			defaultConfigurationIsVisible = 0;
			defaultConfigurationName = Release;
		};
/* End XCConfigurationList section */
	};
	rootObject = A8000001 /* Project object */;
}
